
Microsoft Visual Studio Solution File, Format Version 12.00
# Visual Studio Version 17
VisualStudioVersion = 17.0.31903.59
MinimumVisualStudioVersion = 10.0.40219.1
Project("{FAE04EC0-301F-11D3-BF4B-00C04F79EFBC}") = "ProjectSignature", "ProjectSignature\ProjectSignature.csproj", "{39F53CD9-F4DC-4709-AA51-21125EEF299F}"
EndProject
Global
	GlobalSection(SolutionConfigurationPlatforms) = preSolution
		Debug|Any CPU = Debug|Any CPU
		Release|Any CPU = Release|Any CPU
	EndGlobalSection
	GlobalSection(ProjectConfigurationPlatforms) = postSolution
		{39F53CD9-F4DC-4709-AA51-21125EEF299F}.Debug|Any CPU.ActiveCfg = Debug|Any CPU
		{39F53CD9-F4DC-4709-AA51-21125EEF299F}.Debug|Any CPU.Build.0 = Debug|Any CPU
		{39F53CD9-F4DC-4709-AA51-21125EEF299F}.Release|Any CPU.ActiveCfg = Release|Any CPU
		{39F53CD9-F4DC-4709-AA51-21125EEF299F}.Release|Any CPU.Build.0 = Release|Any CPU
	EndGlobalSection
	GlobalSection(SolutionProperties) = preSolution
		HideSolutionNode = FALSE
	EndGlobalSection
	GlobalSection(ExtensibilityGlobals) = postSolution
		SolutionGuid = {2BB3E7E8-22DD-4A0E-B828-E34E9CBCF0EB}
	EndGlobalSection
EndGlobal
